
Microsoft Visual Studio Solution File, Format Version 12.00
# Visual Studio Version 17
VisualStudioVersion = 17.12.35707.178 d17.12
MinimumVisualStudioVersion = 10.0.40219.1
Project("{FAE04EC0-301F-11D3-BF4B-00C04F79EFBC}") = "NotificationService.Test", "NotificationService.Test\NotificationService.Test.csproj", "{985A0128-1EE2-4922-B1EE-006C7D39508A}"
EndProject
Project("{2150E333-8FDC-42A3-9474-1A3956D46DE8}") = "Service", "Service", "{67813A21-8205-425D-B0E0-D45807E410B9}"
EndProject
Project("{FAE04EC0-301F-11D3-BF4B-00C04F79EFBC}") = "NotificationService.Abstractions", "NotificationService.Abstractions\NotificationService.Abstractions.csproj", "{537B6A55-A627-4E80-A5E7-3795C4C3E353}"
EndProject
Project("{FAE04EC0-301F-11D3-BF4B-00C04F79EFBC}") = "NotificationService", "NotificationService\NotificationService.csproj", "{AE7CC4E9-1002-41CE-A71A-DCE062D0EB8E}"
EndProject
Project("{2150E333-8FDC-42A3-9474-1A3956D46DE8}") = "Solution Items", "Solution Items", "{12F2ECC2-2203-4518-A17A-6499F0361FDE}"
	ProjectSection(SolutionItems) = preProject
		.editorconfig = .editorconfig
	EndProjectSection
EndProject
Global
	GlobalSection(SolutionConfigurationPlatforms) = preSolution
		Debug|Any CPU = Debug|Any CPU
		Release|Any CPU = Release|Any CPU
	EndGlobalSection
	GlobalSection(ProjectConfigurationPlatforms) = postSolution
		{985A0128-1EE2-4922-B1EE-006C7D39508A}.Debug|Any CPU.ActiveCfg = Debug|Any CPU
		{985A0128-1EE2-4922-B1EE-006C7D39508A}.Debug|Any CPU.Build.0 = Debug|Any CPU
		{985A0128-1EE2-4922-B1EE-006C7D39508A}.Debug|Any CPU.Deploy.0 = Debug|Any CPU
		{985A0128-1EE2-4922-B1EE-006C7D39508A}.Release|Any CPU.ActiveCfg = Release|Any CPU
		{985A0128-1EE2-4922-B1EE-006C7D39508A}.Release|Any CPU.Build.0 = Release|Any CPU
		{537B6A55-A627-4E80-A5E7-3795C4C3E353}.Debug|Any CPU.ActiveCfg = Debug|Any CPU
		{537B6A55-A627-4E80-A5E7-3795C4C3E353}.Debug|Any CPU.Build.0 = Debug|Any CPU
		{537B6A55-A627-4E80-A5E7-3795C4C3E353}.Release|Any CPU.ActiveCfg = Release|Any CPU
		{537B6A55-A627-4E80-A5E7-3795C4C3E353}.Release|Any CPU.Build.0 = Release|Any CPU
		{AE7CC4E9-1002-41CE-A71A-DCE062D0EB8E}.Debug|Any CPU.ActiveCfg = Debug|Any CPU
		{AE7CC4E9-1002-41CE-A71A-DCE062D0EB8E}.Debug|Any CPU.Build.0 = Debug|Any CPU
		{AE7CC4E9-1002-41CE-A71A-DCE062D0EB8E}.Release|Any CPU.ActiveCfg = Release|Any CPU
		{AE7CC4E9-1002-41CE-A71A-DCE062D0EB8E}.Release|Any CPU.Build.0 = Release|Any CPU
	EndGlobalSection
	GlobalSection(SolutionProperties) = preSolution
		HideSolutionNode = FALSE
	EndGlobalSection
	GlobalSection(NestedProjects) = preSolution
		{537B6A55-A627-4E80-A5E7-3795C4C3E353} = {67813A21-8205-425D-B0E0-D45807E410B9}
		{AE7CC4E9-1002-41CE-A71A-DCE062D0EB8E} = {67813A21-8205-425D-B0E0-D45807E410B9}
	EndGlobalSection
EndGlobal
